
Microsoft Visual Studio Solution File, Format Version 12.00
# Visual Studio Version 16
VisualStudioVersion = 16.0.31727.386
MinimumVisualStudioVersion = 10.0.40219.1
Project("{8BC9CEB8-8B4A-11D0-8D11-00A0C91BC942}") = "CppBasics-1", "CppBasics-1\CppBasics-1.vcxproj", "{77237D45-2876-406C-8C2D-643C46FB653C}"
EndProject
Project("{8BC9CEB8-8B4A-11D0-8D11-00A0C91BC942}") = "02-Basics-io-var-types-operactor", "02-Basics-io-var-types-operactor\02-Basics-io-var-types-operactor.vcxproj", "{96ECFDDF-BC80-4F32-AA6E-914E8B2BDF1A}"
EndProject
Project("{8BC9CEB8-8B4A-11D0-8D11-00A0C91BC942}") = "03-basics-types-operactor-condition-loop", "03-basics-types-operactor-condition-loop\03-basics-types-operactor-condition-loop.vcxproj", "{A5154449-3117-4861-92EC-5C2FCD94B00A}"
EndProject
Project("{8BC9CEB8-8B4A-11D0-8D11-00A0C91BC942}") = "05-basics", "05-basics\05-basics.vcxproj", "{267A933E-B1B3-4294-9AC1-54999184354D}"
EndProject
Project("{8BC9CEB8-8B4A-11D0-8D11-00A0C91BC942}") = "09-pointers-references.cpp", "09-pointers-references.cpp\09-pointers-references.cpp.vcxproj", "{28FC3011-310B-4D70-95A5-69F4898EA9BA}"
EndProject
Project("{8BC9CEB8-8B4A-11D0-8D11-00A0C91BC942}") = "12-OOP-Destructor-Inheritance", "12-OOP-Destructor-Inheritance\12-OOP-Destructor-Inheritance.vcxproj", "{31DDD794-D381-4B62-84E0-BB70836CAA15}"
EndProject
Project("{8BC9CEB8-8B4A-11D0-8D11-00A0C91BC942}") = "12a-inheritance", "12a-inheritance\12a-inheritance.vcxproj", "{45069D8B-AC16-4374-9D64-67609BEDA74D}"
EndProject
Project("{8BC9CEB8-8B4A-11D0-8D11-00A0C91BC942}") = "13-Inheritance-modifiers", "13-Inheritance-modifia\13-Inheritance-modifia.vcxproj", "{6A6C78AE-0AC4-4E30-AD22-76BCE83371A3}"
EndProject
Project("{8BC9CEB8-8B4A-11D0-8D11-00A0C91BC942}") = "14-VitualFunctionsAndPolymorphism", "14-VitualFunctions-inheditance\14-VitualFunctions-inheditance.vcxproj", "{A918A370-9A54-4906-B44F-C2DFD5600FCD}"
EndProject
Global
	GlobalSection(SolutionConfigurationPlatforms) = preSolution
		Debug|x64 = Debug|x64
		Debug|x86 = Debug|x86
		Release|x64 = Release|x64
		Release|x86 = Release|x86
	EndGlobalSection
	GlobalSection(ProjectConfigurationPlatforms) = postSolution
		{77237D45-2876-406C-8C2D-643C46FB653C}.Debug|x64.ActiveCfg = Debug|x64
		{77237D45-2876-406C-8C2D-643C46FB653C}.Debug|x64.Build.0 = Debug|x64
		{77237D45-2876-406C-8C2D-643C46FB653C}.Debug|x86.ActiveCfg = Debug|Win32
		{77237D45-2876-406C-8C2D-643C46FB653C}.Debug|x86.Build.0 = Debug|Win32
		{77237D45-2876-406C-8C2D-643C46FB653C}.Release|x64.ActiveCfg = Release|x64
		{77237D45-2876-406C-8C2D-643C46FB653C}.Release|x64.Build.0 = Release|x64
		{77237D45-2876-406C-8C2D-643C46FB653C}.Release|x86.ActiveCfg = Release|Win32
		{77237D45-2876-406C-8C2D-643C46FB653C}.Release|x86.Build.0 = Release|Win32
		{96ECFDDF-BC80-4F32-AA6E-914E8B2BDF1A}.Debug|x64.ActiveCfg = Debug|x64
		{96ECFDDF-BC80-4F32-AA6E-914E8B2BDF1A}.Debug|x64.Build.0 = Debug|x64
		{96ECFDDF-BC80-4F32-AA6E-914E8B2BDF1A}.Debug|x86.ActiveCfg = Debug|Win32
		{96ECFDDF-BC80-4F32-AA6E-914E8B2BDF1A}.Debug|x86.Build.0 = Debug|Win32
		{96ECFDDF-BC80-4F32-AA6E-914E8B2BDF1A}.Release|x64.ActiveCfg = Release|x64
		{96ECFDDF-BC80-4F32-AA6E-914E8B2BDF1A}.Release|x64.Build.0 = Release|x64
		{96ECFDDF-BC80-4F32-AA6E-914E8B2BDF1A}.Release|x86.ActiveCfg = Release|Win32
		{96ECFDDF-BC80-4F32-AA6E-914E8B2BDF1A}.Release|x86.Build.0 = Release|Win32
		{A5154449-3117-4861-92EC-5C2FCD94B00A}.Debug|x64.ActiveCfg = Debug|x64
		{A5154449-3117-4861-92EC-5C2FCD94B00A}.Debug|x64.Build.0 = Debug|x64
		{A5154449-3117-4861-92EC-5C2FCD94B00A}.Debug|x86.ActiveCfg = Debug|Win32
		{A5154449-3117-4861-92EC-5C2FCD94B00A}.Debug|x86.Build.0 = Debug|Win32
		{A5154449-3117-4861-92EC-5C2FCD94B00A}.Release|x64.ActiveCfg = Release|x64
		{A5154449-3117-4861-92EC-5C2FCD94B00A}.Release|x64.Build.0 = Release|x64
		{A5154449-3117-4861-92EC-5C2FCD94B00A}.Release|x86.ActiveCfg = Release|Win32
		{A5154449-3117-4861-92EC-5C2FCD94B00A}.Release|x86.Build.0 = Release|Win32
		{267A933E-B1B3-4294-9AC1-54999184354D}.Debug|x64.ActiveCfg = Debug|x64
		{267A933E-B1B3-4294-9AC1-54999184354D}.Debug|x64.Build.0 = Debug|x64
		{267A933E-B1B3-4294-9AC1-54999184354D}.Debug|x86.ActiveCfg = Debug|Win32
		{267A933E-B1B3-4294-9AC1-54999184354D}.Debug|x86.Build.0 = Debug|Win32
		{267A933E-B1B3-4294-9AC1-54999184354D}.Release|x64.ActiveCfg = Release|x64
		{267A933E-B1B3-4294-9AC1-54999184354D}.Release|x64.Build.0 = Release|x64
		{267A933E-B1B3-4294-9AC1-54999184354D}.Release|x86.ActiveCfg = Release|Win32
		{267A933E-B1B3-4294-9AC1-54999184354D}.Release|x86.Build.0 = Release|Win32
		{28FC3011-310B-4D70-95A5-69F4898EA9BA}.Debug|x64.ActiveCfg = Debug|x64
		{28FC3011-310B-4D70-95A5-69F4898EA9BA}.Debug|x64.Build.0 = Debug|x64
		{28FC3011-310B-4D70-95A5-69F4898EA9BA}.Debug|x86.ActiveCfg = Debug|Win32
		{28FC3011-310B-4D70-95A5-69F4898EA9BA}.Debug|x86.Build.0 = Debug|Win32
		{28FC3011-310B-4D70-95A5-69F4898EA9BA}.Release|x64.ActiveCfg = Release|x64
		{28FC3011-310B-4D70-95A5-69F4898EA9BA}.Release|x64.Build.0 = Release|x64
		{28FC3011-310B-4D70-95A5-69F4898EA9BA}.Release|x86.ActiveCfg = Release|Win32
		{28FC3011-310B-4D70-95A5-69F4898EA9BA}.Release|x86.Build.0 = Release|Win32
		{31DDD794-D381-4B62-84E0-BB70836CAA15}.Debug|x64.ActiveCfg = Debug|x64
		{31DDD794-D381-4B62-84E0-BB70836CAA15}.Debug|x64.Build.0 = Debug|x64
		{31DDD794-D381-4B62-84E0-BB70836CAA15}.Debug|x86.ActiveCfg = Debug|Win32
		{31DDD794-D381-4B62-84E0-BB70836CAA15}.Debug|x86.Build.0 = Debug|Win32
		{31DDD794-D381-4B62-84E0-BB70836CAA15}.Release|x64.ActiveCfg = Release|x64
		{31DDD794-D381-4B62-84E0-BB70836CAA15}.Release|x64.Build.0 = Release|x64
		{31DDD794-D381-4B62-84E0-BB70836CAA15}.Release|x86.ActiveCfg = Release|Win32
		{31DDD794-D381-4B62-84E0-BB70836CAA15}.Release|x86.Build.0 = Release|Win32
		{45069D8B-AC16-4374-9D64-67609BEDA74D}.Debug|x64.ActiveCfg = Debug|x64
		{45069D8B-AC16-4374-9D64-67609BEDA74D}.Debug|x64.Build.0 = Debug|x64
		{45069D8B-AC16-4374-9D64-67609BEDA74D}.Debug|x86.ActiveCfg = Debug|Win32
		{45069D8B-AC16-4374-9D64-67609BEDA74D}.Debug|x86.Build.0 = Debug|Win32
		{45069D8B-AC16-4374-9D64-67609BEDA74D}.Release|x64.ActiveCfg = Release|x64
		{45069D8B-AC16-4374-9D64-67609BEDA74D}.Release|x64.Build.0 = Release|x64
		{45069D8B-AC16-4374-9D64-67609BEDA74D}.Release|x86.ActiveCfg = Release|Win32
		{45069D8B-AC16-4374-9D64-67609BEDA74D}.Release|x86.Build.0 = Release|Win32
		{6A6C78AE-0AC4-4E30-AD22-76BCE83371A3}.Debug|x64.ActiveCfg = Debug|x64
		{6A6C78AE-0AC4-4E30-AD22-76BCE83371A3}.Debug|x64.Build.0 = Debug|x64
		{6A6C78AE-0AC4-4E30-AD22-76BCE83371A3}.Debug|x86.ActiveCfg = Debug|Win32
		{6A6C78AE-0AC4-4E30-AD22-76BCE83371A3}.Debug|x86.Build.0 = Debug|Win32
		{6A6C78AE-0AC4-4E30-AD22-76BCE83371A3}.Release|x64.ActiveCfg = Release|x64
		{6A6C78AE-0AC4-4E30-AD22-76BCE83371A3}.Release|x64.Build.0 = Release|x64
		{6A6C78AE-0AC4-4E30-AD22-76BCE83371A3}.Release|x86.ActiveCfg = Release|Win32
		{6A6C78AE-0AC4-4E30-AD22-76BCE83371A3}.Release|x86.Build.0 = Release|Win32
		{A918A370-9A54-4906-B44F-C2DFD5600FCD}.Debug|x64.ActiveCfg = Debug|x64
		{A918A370-9A54-4906-B44F-C2DFD5600FCD}.Debug|x64.Build.0 = Debug|x64
		{A918A370-9A54-4906-B44F-C2DFD5600FCD}.Debug|x86.ActiveCfg = Debug|Win32
		{A918A370-9A54-4906-B44F-C2DFD5600FCD}.Debug|x86.Build.0 = Debug|Win32
		{A918A370-9A54-4906-B44F-C2DFD5600FCD}.Release|x64.ActiveCfg = Release|x64
		{A918A370-9A54-4906-B44F-C2DFD5600FCD}.Release|x64.Build.0 = Release|x64
		{A918A370-9A54-4906-B44F-C2DFD5600FCD}.Release|x86.ActiveCfg = Release|Win32
		{A918A370-9A54-4906-B44F-C2DFD5600FCD}.Release|x86.Build.0 = Release|Win32
	EndGlobalSection
	GlobalSection(SolutionProperties) = preSolution
		HideSolutionNode = FALSE
	EndGlobalSection
	GlobalSection(ExtensibilityGlobals) = postSolution
		SolutionGuid = {A2FA0F4A-8BDC-40B4-AB76-A9F3206B7A42}
	EndGlobalSection
EndGlobal
